{
    "_readme": [
        "This file locks the dependencies of your project to a known state",
        "Read more about it at https://getcomposer.org/doc/01-basic-usage.md#installing-dependencies",
        "This file is @generated automatically"
    ],
    "content-hash": "b34c5c89dcafc00233e5c35dd07e4316",
    "packages": [
        {
            "name": "academy01/auth-token",
            "version": "1.1.x-dev",
            "source": {
                "type": "git",
                "url": "https://github.com/mhnobakht/AuthToken.git",
                "reference": "b268bdf0a6ad81404534954a0f8edb86121f7b29"
            },
            "dist": {
                "type": "zip",
                "url": "https://api.github.com/repos/mhnobakht/AuthToken/zipball/b268bdf0a6ad81404534954a0f8edb86121f7b29",
                "reference": "b268bdf0a6ad81404534954a0f8edb86121f7b29",
                "shasum": ""
            },
            "require": {
                "php": ">=7.3"
            },
            "default-branch": true,
            "type": "library",
            "autoload": {
                "psr-4": {
                    "Academy01\\AuthToken\\": "src/"
                }
            },
            "notification-url": "https://packagist.org/downloads/",
            "license": [
                "MIT"
            ],
            "authors": [
                {
                    "name": "mhnobakht",
                    "email": "01programmingacademy@gmail.com"
                }
            ],
            "description": "authentication manager system for php",
            "support": {
                "issues": "https://github.com/mhnobakht/AuthToken/issues",
                "source": "https://github.com/mhnobakht/AuthToken/tree/1.1"
            },
            "time": "2023-09-05T16:18:52+00:00"
        },
        {
            "name": "academy01/csrftoken",
            "version": "dev-main",
            "source": {
                "type": "git",
                "url": "https://github.com/mhnobakht/csrftoken.git",
                "reference": "f5a7a32af879f35714fc2beea8b561b6b6e721f6"
            },
            "dist": {
                "type": "zip",
                "url": "https://api.github.com/repos/mhnobakht/csrftoken/zipball/f5a7a32af879f35714fc2beea8b561b6b6e721f6",
                "reference": "f5a7a32af879f35714fc2beea8b561b6b6e721f6",
                "shasum": ""
            },
            "require": {
                "php": ">=7.3"
            },
            "default-branch": true,
            "type": "library",
            "autoload": {
                "psr-4": {
                    "Academy01\\Csrftoken\\": "src/"
                }
            },
            "notification-url": "https://packagist.org/downloads/",
            "license": [
                "MIT"
            ],
            "authors": [
                {
                    "name": "'academy01'",
                    "email": "80899303+mhnobakht@users.noreply.github.com"
                }
            ],
            "description": "Simple package to generate and validate csrf Tokens",
            "support": {
                "issues": "https://github.com/mhnobakht/csrftoken/issues",
                "source": "https://github.com/mhnobakht/csrftoken/tree/main"
            },
            "time": "2023-08-13T08:58:40+00:00"
        },
        {
            "name": "academy01/semej",
            "version": "v1.0.0.x-dev",
            "source": {
                "type": "git",
                "url": "https://github.com/mhnobakht/Semej.git",
                "reference": "d47b4b8c3ccb31835e935580d244d009b7c50ff0"
            },
            "dist": {
                "type": "zip",
                "url": "https://api.github.com/repos/mhnobakht/Semej/zipball/d47b4b8c3ccb31835e935580d244d009b7c50ff0",
                "reference": "d47b4b8c3ccb31835e935580d244d009b7c50ff0",
                "shasum": ""
            },
            "default-branch": true,
            "type": "library",
            "autoload": {
                "psr-4": {
                    "Academy01\\Semej\\": "src/"
                }
            },
            "notification-url": "https://packagist.org/downloads/",
            "license": [
                "MIT"
            ],
            "authors": [
                {
                    "name": "'academy01'",
                    "email": "80899303+mhnobakht@users.noreply.github.com"
                }
            ],
            "description": "Simple package to show alert messages using session",
            "support": {
                "issues": "https://github.com/mhnobakht/Semej/issues",
                "source": "https://github.com/mhnobakht/Semej/tree/v1.0.0"
            },
            "time": "2023-07-20T16:51:10+00:00"
        }
    ],
    "packages-dev": [],
    "aliases": [],
    "minimum-stability": "dev",
    "stability-flags": {
        "academy01/csrftoken": 20,
        "academy01/semej": 20
    },
    "prefer-stable": false,
    "prefer-lowest": false,
    "platform": [],
    "platform-dev": [],
    "plugin-api-version": "2.3.0"
}
