{
    "_readme": [
        "This file locks the dependencies of your project to a known state",
        "Read more about it at https://getcomposer.org/doc/01-basic-usage.md#installing-dependencies",
        "This file is @generated automatically"
    ],
    "content-hash": "d147fa10d0cee4330b7a4478c68f77f4",
    "packages": [
        {
            "name": "academy01/csrftoken",
            "version": "dev-main",
            "source": {
                "type": "git",
                "url": "https://github.com/mhnobakht/csrftoken.git",
                "reference": "f5a7a32af879f35714fc2beea8b561b6b6e721f6"
            },
            "dist": {
                "type": "zip",
                "url": "https://api.github.com/repos/mhnobakht/csrftoken/zipball/f5a7a32af879f35714fc2beea8b561b6b6e721f6",
                "reference": "f5a7a32af879f35714fc2beea8b561b6b6e721f6",
                "shasum": ""
            },
            "require": {
                "php": ">=7.3"
            },
            "default-branch": true,
            "type": "library",
            "autoload": {
                "psr-4": {
                    "Academy01\\Csrftoken\\": "src/"
                }
            },
            "notification-url": "https://packagist.org/downloads/",
            "license": [
                "MIT"
            ],
            "authors": [
                {
                    "name": "'academy01'",
                    "email": "80899303+mhnobakht@users.noreply.github.com"
                }
            ],
            "description": "Simple package to generate and validate csrf Tokens",
            "support": {
                "issues": "https://github.com/mhnobakht/csrftoken/issues",
                "source": "https://github.com/mhnobakht/csrftoken/tree/main"
            },
            "time": "2023-08-13T08:58:40+00:00"
        }
    ],
    "packages-dev": [],
    "aliases": [],
    "minimum-stability": "dev",
    "stability-flags": [],
    "prefer-stable": false,
    "prefer-lowest": false,
    "platform": [],
    "platform-dev": [],
    "plugin-api-version": "2.3.0"
}
